
Microsoft Visual Studio Solution File, Format Version 12.00
# Visual Studio 14
VisualStudioVersion = 14.0.24720.0
MinimumVisualStudioVersion = 10.0.40219.1
Project("{FAE04EC0-301F-11D3-BF4B-00C04F79EFBC}") = "ScrumRetrospectives", "ScrumRetrospectives\ScrumRetrospectives.csproj", "{209926E6-58AB-4CDF-83B2-65C1811D276C}"
EndProject
Project("{FAE04EC0-301F-11D3-BF4B-00C04F79EFBC}") = "ScrumRetrospectives.Tests", "ScrumRetrospectives.Tests\ScrumRetrospectives.Tests.csproj", "{660E1F84-77B8-4C25-9151-0D0FA00F16EB}"
EndProject
Global
	GlobalSection(SolutionConfigurationPlatforms) = preSolution
		Debug|Any CPU = Debug|Any CPU
		Release|Any CPU = Release|Any CPU
	EndGlobalSection
	GlobalSection(ProjectConfigurationPlatforms) = postSolution
		{209926E6-58AB-4CDF-83B2-65C1811D276C}.Debug|Any CPU.ActiveCfg = Debug|Any CPU
		{209926E6-58AB-4CDF-83B2-65C1811D276C}.Debug|Any CPU.Build.0 = Debug|Any CPU
		{209926E6-58AB-4CDF-83B2-65C1811D276C}.Release|Any CPU.ActiveCfg = Release|Any CPU
		{209926E6-58AB-4CDF-83B2-65C1811D276C}.Release|Any CPU.Build.0 = Release|Any CPU
		{660E1F84-77B8-4C25-9151-0D0FA00F16EB}.Debug|Any CPU.ActiveCfg = Debug|Any CPU
		{660E1F84-77B8-4C25-9151-0D0FA00F16EB}.Debug|Any CPU.Build.0 = Debug|Any CPU
		{660E1F84-77B8-4C25-9151-0D0FA00F16EB}.Release|Any CPU.ActiveCfg = Release|Any CPU
		{660E1F84-77B8-4C25-9151-0D0FA00F16EB}.Release|Any CPU.Build.0 = Release|Any CPU
	EndGlobalSection
	GlobalSection(SolutionProperties) = preSolution
		HideSolutionNode = FALSE
	EndGlobalSection
EndGlobal
